// !$*UTF8*$!
{
	archiveVersion = 1;
	classes = {
	};
	objectVersion = 50;
	objects = {

/* Begin PBXBuildFile section */
		5A138495216B4115002D7A88 /* AppDelegate.swift in Sources */ = {isa = PBXBuildFile; fileRef = 5A138494216B4115002D7A88 /* AppDelegate.swift */; };
		5A138497216B4115002D7A88 /* ViewController.swift in Sources */ = {isa = PBXBuildFile; fileRef = 5A138496216B4115002D7A88 /* ViewController.swift */; };
		5A13849A216B4115002D7A88 /* Main.storyboard in Resources */ = {isa = PBXBuildFile; fileRef = 5A138498216B4115002D7A88 /* Main.storyboard */; };
		5A13849C216B4116002D7A88 /* Assets.xcassets in Resources */ = {isa = PBXBuildFile; fileRef = 5A13849B216B4116002D7A88 /* Assets.xcassets */; };
		5A13849F216B4116002D7A88 /* LaunchScreen.storyboard in Resources */ = {isa = PBXBuildFile; fileRef = 5A13849D216B4116002D7A88 /* LaunchScreen.storyboard */; };
		5A1384AA216B4116002D7A88 /* Segmented_ControlsTests.swift in Sources */ = {isa = PBXBuildFile; fileRef = 5A1384A9216B4116002D7A88 /* Segmented_ControlsTests.swift */; };
		5A1384B5216B4116002D7A88 /* Segmented_ControlsUITests.swift in Sources */ = {isa = PBXBuildFile; fileRef = 5A1384B4216B4116002D7A88 /* Segmented_ControlsUITests.swift */; };
/* End PBXBuildFile section */

/* Begin PBXContainerItemProxy section */
		5A1384A6216B4116002D7A88 /* PBXContainerItemProxy */ = {
			isa = PBXContainerItemProxy;
			containerPortal = 5A138489216B4114002D7A88 /* Project object */;
			proxyType = 1;
			remoteGlobalIDString = 5A138490216B4114002D7A88;
			remoteInfo = "Segmented Controls";
		};
		5A1384B1216B4116002D7A88 /* PBXContainerItemProxy */ = {
			isa = PBXContainerItemProxy;
			containerPortal = 5A138489216B4114002D7A88 /* Project object */;
			proxyType = 1;
			remoteGlobalIDString = 5A138490216B4114002D7A88;
			remoteInfo = "Segmented Controls";
		};
/* End PBXContainerItemProxy section */

/* Begin PBXFileReference section */
		5A138491216B4114002D7A88 /* Segmented Controls.app */ = {isa = PBXFileReference; explicitFileType = wrapper.application; includeInIndex = 0; path = "Segmented Controls.app"; sourceTree = BUILT_PRODUCTS_DIR; };
		5A138494216B4115002D7A88 /* AppDelegate.swift */ = {isa = PBXFileReference; lastKnownFileType = sourcecode.swift; path = AppDelegate.swift; sourceTree = "<group>"; };
		5A138496216B4115002D7A88 /* ViewController.swift */ = {isa = PBXFileReference; lastKnownFileType = sourcecode.swift; path = ViewController.swift; sourceTree = "<group>"; };
		5A138499216B4115002D7A88 /* Base */ = {isa = PBXFileReference; lastKnownFileType = file.storyboard; name = Base; path = Base.lproj/Main.storyboard; sourceTree = "<group>"; };
		5A13849B216B4116002D7A88 /* Assets.xcassets */ = {isa = PBXFileReference; lastKnownFileType = folder.assetcatalog; path = Assets.xcassets; sourceTree = "<group>"; };
		5A13849E216B4116002D7A88 /* Base */ = {isa = PBXFileReference; lastKnownFileType = file.storyboard; name = Base; path = Base.lproj/LaunchScreen.storyboard; sourceTree = "<group>"; };
		5A1384A0216B4116002D7A88 /* Info.plist */ = {isa = PBXFileReference; lastKnownFileType = text.plist.xml; path = Info.plist; sourceTree = "<group>"; };
		5A1384A5216B4116002D7A88 /* Segmented ControlsTests.xctest */ = {isa = PBXFileReference; explicitFileType = wrapper.cfbundle; includeInIndex = 0; path = "Segmented ControlsTests.xctest"; sourceTree = BUILT_PRODUCTS_DIR; };
		5A1384A9216B4116002D7A88 /* Segmented_ControlsTests.swift */ = {isa = PBXFileReference; lastKnownFileType = sourcecode.swift; path = Segmented_ControlsTests.swift; sourceTree = "<group>"; };
		5A1384AB216B4116002D7A88 /* Info.plist */ = {isa = PBXFileReference; lastKnownFileType = text.plist.xml; path = Info.plist; sourceTree = "<group>"; };
		5A1384B0216B4116002D7A88 /* Segmented ControlsUITests.xctest */ = {isa = PBXFileReference; explicitFileType = wrapper.cfbundle; includeInIndex = 0; path = "Segmented ControlsUITests.xctest"; sourceTree = BUILT_PRODUCTS_DIR; };
		5A1384B4216B4116002D7A88 /* Segmented_ControlsUITests.swift */ = {isa = PBXFileReference; lastKnownFileType = sourcecode.swift; path = Segmented_ControlsUITests.swift; sourceTree = "<group>"; };
		5A1384B6216B4116002D7A88 /* Info.plist */ = {isa = PBXFileReference; lastKnownFileType = text.plist.xml; path = Info.plist; sourceTree = "<group>"; };
/* End PBXFileReference section */

/* Begin PBXFrameworksBuildPhase section */
		5A13848E216B4114002D7A88 /* Frameworks */ = {
			isa = PBXFrameworksBuildPhase;
			buildActionMask = 2147483647;
			files = (
			);
			runOnlyForDeploymentPostprocessing = 0;
		};
		5A1384A2216B4116002D7A88 /* Frameworks */ = {
			isa = PBXFrameworksBuildPhase;
			buildActionMask = 2147483647;
			files = (
			);
			runOnlyForDeploymentPostprocessing = 0;
		};
		5A1384AD216B4116002D7A88 /* Frameworks */ = {
			isa = PBXFrameworksBuildPhase;
			buildActionMask = 2147483647;
			files = (
			);
			runOnlyForDeploymentPostprocessing = 0;
		};
/* End PBXFrameworksBuildPhase section */

/* Begin PBXGroup section */
		5A138488216B4114002D7A88 = {
			isa = PBXGroup;
			children = (
				5A138493216B4114002D7A88 /* Segmented Controls */,
				5A1384A8216B4116002D7A88 /* Segmented ControlsTests */,
				5A1384B3216B4116002D7A88 /* Segmented ControlsUITests */,
				5A138492216B4114002D7A88 /* Products */,
			);
			sourceTree = "<group>";
		};
		5A138492216B4114002D7A88 /* Products */ = {
			isa = PBXGroup;
			children = (
				5A138491216B4114002D7A88 /* Segmented Controls.app */,
				5A1384A5216B4116002D7A88 /* Segmented ControlsTests.xctest */,
				5A1384B0216B4116002D7A88 /* Segmented ControlsUITests.xctest */,
			);
			name = Products;
			sourceTree = "<group>";
		};
		5A138493216B4114002D7A88 /* Segmented Controls */ = {
			isa = PBXGroup;
			children = (
				5A138494216B4115002D7A88 /* AppDelegate.swift */,
				5A138496216B4115002D7A88 /* ViewController.swift */,
				5A138498216B4115002D7A88 /* Main.storyboard */,
				5A13849B216B4116002D7A88 /* Assets.xcassets */,
				5A13849D216B4116002D7A88 /* LaunchScreen.storyboard */,
				5A1384A0216B4116002D7A88 /* Info.plist */,
			);
			path = "Segmented Controls";
			sourceTree = "<group>";
		};
		5A1384A8216B4116002D7A88 /* Segmented ControlsTests */ = {
			isa = PBXGroup;
			children = (
				5A1384A9216B4116002D7A88 /* Segmented_ControlsTests.swift */,
				5A1384AB216B4116002D7A88 /* Info.plist */,
			);
			path = "Segmented ControlsTests";
			sourceTree = "<group>";
		};
		5A1384B3216B4116002D7A88 /* Segmented ControlsUITests */ = {
			isa = PBXGroup;
			children = (
				5A1384B4216B4116002D7A88 /* Segmented_ControlsUITests.swift */,
				5A1384B6216B4116002D7A88 /* Info.plist */,
			);
			path = "Segmented ControlsUITests";
			sourceTree = "<group>";
		};
/* End PBXGroup section */

/* Begin PBXNativeTarget section */
		5A138490216B4114002D7A88 /* Segmented Controls */ = {
			isa = PBXNativeTarget;
			buildConfigurationList = 5A1384B9216B4116002D7A88 /* Build configuration list for PBXNativeTarget "Segmented Controls" */;
			buildPhases = (
				5A13848D216B4114002D7A88 /* Sources */,
				5A13848E216B4114002D7A88 /* Frameworks */,
				5A13848F216B4114002D7A88 /* Resources */,
			);
			buildRules = (
			);
			dependencies = (
			);
			name = "Segmented Controls";
			productName = "Segmented Controls";
			productReference = 5A138491216B4114002D7A88 /* Segmented Controls.app */;
			productType = "com.apple.product-type.application";
		};
		5A1384A4216B4116002D7A88 /* Segmented ControlsTests */ = {
			isa = PBXNativeTarget;
			buildConfigurationList = 5A1384BC216B4116002D7A88 /* Build configuration list for PBXNativeTarget "Segmented ControlsTests" */;
			buildPhases = (
				5A1384A1216B4116002D7A88 /* Sources */,
				5A1384A2216B4116002D7A88 /* Frameworks */,
				5A1384A3216B4116002D7A88 /* Resources */,
			);
			buildRules = (
			);
			dependencies = (
				5A1384A7216B4116002D7A88 /* PBXTargetDependency */,
			);
			name = "Segmented ControlsTests";
			productName = "Segmented ControlsTests";
			productReference = 5A1384A5216B4116002D7A88 /* Segmented ControlsTests.xctest */;
			productType = "com.apple.product-type.bundle.unit-test";
		};
		5A1384AF216B4116002D7A88 /* Segmented ControlsUITests */ = {
			isa = PBXNativeTarget;
			buildConfigurationList = 5A1384BF216B4116002D7A88 /* Build configuration list for PBXNativeTarget "Segmented ControlsUITests" */;
			buildPhases = (
				5A1384AC216B4116002D7A88 /* Sources */,
				5A1384AD216B4116002D7A88 /* Frameworks */,
				5A1384AE216B4116002D7A88 /* Resources */,
			);
			buildRules = (
			);
			dependencies = (
				5A1384B2216B4116002D7A88 /* PBXTargetDependency */,
			);
			name = "Segmented ControlsUITests";
			productName = "Segmented ControlsUITests";
			productReference = 5A1384B0216B4116002D7A88 /* Segmented ControlsUITests.xctest */;
			productType = "com.apple.product-type.bundle.ui-testing";
		};
/* End PBXNativeTarget section */

/* Begin PBXProject section */
		5A138489216B4114002D7A88 /* Project object */ = {
			isa = PBXProject;
			attributes = {
				LastSwiftUpdateCheck = 0940;
				LastUpgradeCheck = 0940;
				ORGANIZATIONNAME = "Kwong Hau Shing";
				TargetAttributes = {
					5A138490216B4114002D7A88 = {
						CreatedOnToolsVersion = 9.4.1;
					};
					5A1384A4216B4116002D7A88 = {
						CreatedOnToolsVersion = 9.4.1;
						TestTargetID = 5A138490216B4114002D7A88;
					};
					5A1384AF216B4116002D7A88 = {
						CreatedOnToolsVersion = 9.4.1;
						TestTargetID = 5A138490216B4114002D7A88;
					};
				};
			};
			buildConfigurationList = 5A13848C216B4114002D7A88 /* Build configuration list for PBXProject "Segmented Controls" */;
			compatibilityVersion = "Xcode 9.3";
			developmentRegion = en;
			hasScannedForEncodings = 0;
			knownRegions = (
				en,
				Base,
			);
			mainGroup = 5A138488216B4114002D7A88;
			productRefGroup = 5A138492216B4114002D7A88 /* Products */;
			projectDirPath = "";
			projectRoot = "";
			targets = (
				5A138490216B4114002D7A88 /* Segmented Controls */,
				5A1384A4216B4116002D7A88 /* Segmented ControlsTests */,
				5A1384AF216B4116002D7A88 /* Segmented ControlsUITests */,
			);
		};
/* End PBXProject section */

/* Begin PBXResourcesBuildPhase section */
		5A13848F216B4114002D7A88 /* Resources */ = {
			isa = PBXResourcesBuildPhase;
			buildActionMask = 2147483647;
			files = (
				5A13849F216B4116002D7A88 /* LaunchScreen.storyboard in Resources */,
				5A13849C216B4116002D7A88 /* Assets.xcassets in Resources */,
				5A13849A216B4115002D7A88 /* Main.storyboard in Resources */,
			);
			runOnlyForDeploymentPostprocessing = 0;
		};
		5A1384A3216B4116002D7A88 /* Resources */ = {
			isa = PBXResourcesBuildPhase;
			buildActionMask = 2147483647;
			files = (
			);
			runOnlyForDeploymentPostprocessing = 0;
		};
		5A1384AE216B4116002D7A88 /* Resources */ = {
			isa = PBXResourcesBuildPhase;
			buildActionMask = 2147483647;
			files = (
			);
			runOnlyForDeploymentPostprocessing = 0;
		};
/* End PBXResourcesBuildPhase section */

/* Begin PBXSourcesBuildPhase section */
		5A13848D216B4114002D7A88 /* Sources */ = {
			isa = PBXSourcesBuildPhase;
			buildActionMask = 2147483647;
			files = (
				5A138497216B4115002D7A88 /* ViewController.swift in Sources */,
				5A138495216B4115002D7A88 /* AppDelegate.swift in Sources */,
			);
			runOnlyForDeploymentPostprocessing = 0;
		};
		5A1384A1216B4116002D7A88 /* Sources */ = {
			isa = PBXSourcesBuildPhase;
			buildActionMask = 2147483647;
			files = (
				5A1384AA216B4116002D7A88 /* Segmented_ControlsTests.swift in Sources */,
			);
			runOnlyForDeploymentPostprocessing = 0;
		};
		5A1384AC216B4116002D7A88 /* Sources */ = {
			isa = PBXSourcesBuildPhase;
			buildActionMask = 2147483647;
			files = (
				5A1384B5216B4116002D7A88 /* Segmented_ControlsUITests.swift in Sources */,
			);
			runOnlyForDeploymentPostprocessing = 0;
		};
/* End PBXSourcesBuildPhase section */

/* Begin PBXTargetDependency section */
		5A1384A7216B4116002D7A88 /* PBXTargetDependency */ = {
			isa = PBXTargetDependency;
			target = 5A138490216B4114002D7A88 /* Segmented Controls */;
			targetProxy = 5A1384A6216B4116002D7A88 /* PBXContainerItemProxy */;
		};
		5A1384B2216B4116002D7A88 /* PBXTargetDependency */ = {
			isa = PBXTargetDependency;
			target = 5A138490216B4114002D7A88 /* Segmented Controls */;
			targetProxy = 5A1384B1216B4116002D7A88 /* PBXContainerItemProxy */;
		};
/* End PBXTargetDependency section */

/* Begin PBXVariantGroup section */
		5A138498216B4115002D7A88 /* Main.storyboard */ = {
			isa = PBXVariantGroup;
			children = (
				5A138499216B4115002D7A88 /* Base */,
			);
			name = Main.storyboard;
			sourceTree = "<group>";
		};
		5A13849D216B4116002D7A88 /* LaunchScreen.storyboard */ = {
			isa = PBXVariantGroup;
			children = (
				5A13849E216B4116002D7A88 /* Base */,
			);
			name = LaunchScreen.storyboard;
			sourceTree = "<group>";
		};
/* End PBXVariantGroup section */

/* Begin XCBuildConfiguration section */
		5A1384B7216B4116002D7A88 /* Debug */ = {
			isa = XCBuildConfiguration;
			buildSettings = {
				ALWAYS_SEARCH_USER_PATHS = NO;
				CLANG_ANALYZER_NONNULL = YES;
				CLANG_ANALYZER_NUMBER_OBJECT_CONVERSION = YES_AGGRESSIVE;
				CLANG_CXX_LANGUAGE_STANDARD = "gnu++14";
				CLANG_CXX_LIBRARY = "libc++";
				CLANG_ENABLE_MODULES = YES;
				CLANG_ENABLE_OBJC_ARC = YES;
				CLANG_ENABLE_OBJC_WEAK = YES;
				CLANG_WARN_BLOCK_CAPTURE_AUTORELEASING = YES;
				CLANG_WARN_BOOL_CONVERSION = YES;
				CLANG_WARN_COMMA = YES;
				CLANG_WARN_CONSTANT_CONVERSION = YES;
				CLANG_WARN_DEPRECATED_OBJC_IMPLEMENTATIONS = YES;
				CLANG_WARN_DIRECT_OBJC_ISA_USAGE = YES_ERROR;
				CLANG_WARN_DOCUMENTATION_COMMENTS = YES;
				CLANG_WARN_EMPTY_BODY = YES;
				CLANG_WARN_ENUM_CONVERSION = YES;
				CLANG_WARN_INFINITE_RECURSION = YES;
				CLANG_WARN_INT_CONVERSION = YES;
				CLANG_WARN_NON_LITERAL_NULL_CONVERSION = YES;
				CLANG_WARN_OBJC_IMPLICIT_RETAIN_SELF = YES;
				CLANG_WARN_OBJC_LITERAL_CONVERSION = YES;
				CLANG_WARN_OBJC_ROOT_CLASS = YES_ERROR;
				CLANG_WARN_RANGE_LOOP_ANALYSIS = YES;
				CLANG_WARN_STRICT_PROTOTYPES = YES;
				CLANG_WARN_SUSPICIOUS_MOVE = YES;
				CLANG_WARN_UNGUARDED_AVAILABILITY = YES_AGGRESSIVE;
				CLANG_WARN_UNREACHABLE_CODE = YES;
				CLANG_WARN__DUPLICATE_METHOD_MATCH = YES;
				CODE_SIGN_IDENTITY = "iPhone Developer";
				COPY_PHASE_STRIP = NO;
				DEBUG_INFORMATION_FORMAT = dwarf;
				ENABLE_STRICT_OBJC_MSGSEND = YES;
				ENABLE_TESTABILITY = YES;
				GCC_C_LANGUAGE_STANDARD = gnu11;
				GCC_DYNAMIC_NO_PIC = NO;
				GCC_NO_COMMON_BLOCKS = YES;
				GCC_OPTIMIZATION_LEVEL = 0;
				GCC_PREPROCESSOR_DEFINITIONS = (
					"DEBUG=1",
					"$(inherited)",
				);
				GCC_WARN_64_TO_32_BIT_CONVERSION = YES;
				GCC_WARN_ABOUT_RETURN_TYPE = YES_ERROR;
				GCC_WARN_UNDECLARED_SELECTOR = YES;
				GCC_WARN_UNINITIALIZED_AUTOS = YES_AGGRESSIVE;
				GCC_WARN_UNUSED_FUNCTION = YES;
				GCC_WARN_UNUSED_VARIABLE = YES;
				IPHONEOS_DEPLOYMENT_TARGET = 11.4;
				MTL_ENABLE_DEBUG_INFO = YES;
				ONLY_ACTIVE_ARCH = YES;
				SDKROOT = iphoneos;
				SWIFT_ACTIVE_COMPILATION_CONDITIONS = DEBUG;
				SWIFT_OPTIMIZATION_LEVEL = "-Onone";
			};
			name = Debug;
		};
		5A1384B8216B4116002D7A88 /* Release */ = {
			isa = XCBuildConfiguration;
			buildSettings = {
				ALWAYS_SEARCH_USER_PATHS = NO;
				CLANG_ANALYZER_NONNULL = YES;
				CLANG_ANALYZER_NUMBER_OBJECT_CONVERSION = YES_AGGRESSIVE;
				CLANG_CXX_LANGUAGE_STANDARD = "gnu++14";
				CLANG_CXX_LIBRARY = "libc++";
				CLANG_ENABLE_MODULES = YES;
				CLANG_ENABLE_OBJC_ARC = YES;
				CLANG_ENABLE_OBJC_WEAK = YES;
				CLANG_WARN_BLOCK_CAPTURE_AUTORELEASING = YES;
				CLANG_WARN_BOOL_CONVERSION = YES;
				CLANG_WARN_COMMA = YES;
				CLANG_WARN_CONSTANT_CONVERSION = YES;
				CLANG_WARN_DEPRECATED_OBJC_IMPLEMENTATIONS = YES;
				CLANG_WARN_DIRECT_OBJC_ISA_USAGE = YES_ERROR;
				CLANG_WARN_DOCUMENTATION_COMMENTS = YES;
				CLANG_WARN_EMPTY_BODY = YES;
				CLANG_WARN_ENUM_CONVERSION = YES;
				CLANG_WARN_INFINITE_RECURSION = YES;
				CLANG_WARN_INT_CONVERSION = YES;
				CLANG_WARN_NON_LITERAL_NULL_CONVERSION = YES;
				CLANG_WARN_OBJC_IMPLICIT_RETAIN_SELF = YES;
				CLANG_WARN_OBJC_LITERAL_CONVERSION = YES;
				CLANG_WARN_OBJC_ROOT_CLASS = YES_ERROR;
				CLANG_WARN_RANGE_LOOP_ANALYSIS = YES;
				CLANG_WARN_STRICT_PROTOTYPES = YES;
				CLANG_WARN_SUSPICIOUS_MOVE = YES;
				CLANG_WARN_UNGUARDED_AVAILABILITY = YES_AGGRESSIVE;
				CLANG_WARN_UNREACHABLE_CODE = YES;
				CLANG_WARN__DUPLICATE_METHOD_MATCH = YES;
				CODE_SIGN_IDENTITY = "iPhone Developer";
				COPY_PHASE_STRIP = NO;
				DEBUG_INFORMATION_FORMAT = "dwarf-with-dsym";
				ENABLE_NS_ASSERTIONS = NO;
				ENABLE_STRICT_OBJC_MSGSEND = YES;
				GCC_C_LANGUAGE_STANDARD = gnu11;
				GCC_NO_COMMON_BLOCKS = YES;
				GCC_WARN_64_TO_32_BIT_CONVERSION = YES;
				GCC_WARN_ABOUT_RETURN_TYPE = YES_ERROR;
				GCC_WARN_UNDECLARED_SELECTOR = YES;
				GCC_WARN_UNINITIALIZED_AUTOS = YES_AGGRESSIVE;
				GCC_WARN_UNUSED_FUNCTION = YES;
				GCC_WARN_UNUSED_VARIABLE = YES;
				IPHONEOS_DEPLOYMENT_TARGET = 11.4;
				MTL_ENABLE_DEBUG_INFO = NO;
				SDKROOT = iphoneos;
				SWIFT_COMPILATION_MODE = wholemodule;
				SWIFT_OPTIMIZATION_LEVEL = "-O";
				VALIDATE_PRODUCT = YES;
			};
			name = Release;
		};
		5A1384BA216B4116002D7A88 /* Debug */ = {
			isa = XCBuildConfiguration;
			buildSettings = {
				ASSETCATALOG_COMPILER_APPICON_NAME = AppIcon;
				CODE_SIGN_STYLE = Automatic;
				INFOPLIST_FILE = "Segmented Controls/Info.plist";
				LD_RUNPATH_SEARCH_PATHS = (
					"$(inherited)",
					"@executable_path/Frameworks",
				);
				PRODUCT_BUNDLE_IDENTIFIER = "lab3.Segmented-Controls";
				PRODUCT_NAME = "$(TARGET_NAME)";
				SWIFT_VERSION = 4.0;
				TARGETED_DEVICE_FAMILY = "1,2";
			};
			name = Debug;
		};
		5A1384BB216B4116002D7A88 /* Release */ = {
			isa = XCBuildConfiguration;
			buildSettings = {
				ASSETCATALOG_COMPILER_APPICON_NAME = AppIcon;
				CODE_SIGN_STYLE = Automatic;
				INFOPLIST_FILE = "Segmented Controls/Info.plist";
				LD_RUNPATH_SEARCH_PATHS = (
					"$(inherited)",
					"@executable_path/Frameworks",
				);
				PRODUCT_BUNDLE_IDENTIFIER = "lab3.Segmented-Controls";
				PRODUCT_NAME = "$(TARGET_NAME)";
				SWIFT_VERSION = 4.0;
				TARGETED_DEVICE_FAMILY = "1,2";
			};
			name = Release;
		};
		5A1384BD216B4116002D7A88 /* Debug */ = {
			isa = XCBuildConfiguration;
			buildSettings = {
				ALWAYS_EMBED_SWIFT_STANDARD_LIBRARIES = YES;
				BUNDLE_LOADER = "$(TEST_HOST)";
				CODE_SIGN_STYLE = Automatic;
				INFOPLIST_FILE = "Segmented ControlsTests/Info.plist";
				LD_RUNPATH_SEARCH_PATHS = (
					"$(inherited)",
					"@executable_path/Frameworks",
					"@loader_path/Frameworks",
				);
				PRODUCT_BUNDLE_IDENTIFIER = "lab3.Segmented-ControlsTests";
				PRODUCT_NAME = "$(TARGET_NAME)";
				SWIFT_VERSION = 4.0;
				TARGETED_DEVICE_FAMILY = "1,2";
				TEST_HOST = "$(BUILT_PRODUCTS_DIR)/Segmented Controls.app/Segmented Controls";
			};
			name = Debug;
		};
		5A1384BE216B4116002D7A88 /* Release */ = {
			isa = XCBuildConfiguration;
			buildSettings = {
				ALWAYS_EMBED_SWIFT_STANDARD_LIBRARIES = YES;
				BUNDLE_LOADER = "$(TEST_HOST)";
				CODE_SIGN_STYLE = Automatic;
				INFOPLIST_FILE = "Segmented ControlsTests/Info.plist";
				LD_RUNPATH_SEARCH_PATHS = (
					"$(inherited)",
					"@executable_path/Frameworks",
					"@loader_path/Frameworks",
				);
				PRODUCT_BUNDLE_IDENTIFIER = "lab3.Segmented-ControlsTests";
				PRODUCT_NAME = "$(TARGET_NAME)";
				SWIFT_VERSION = 4.0;
				TARGETED_DEVICE_FAMILY = "1,2";
				TEST_HOST = "$(BUILT_PRODUCTS_DIR)/Segmented Controls.app/Segmented Controls";
			};
			name = Release;
		};
		5A1384C0216B4116002D7A88 /* Debug */ = {
			isa = XCBuildConfiguration;
			buildSettings = {
				ALWAYS_EMBED_SWIFT_STANDARD_LIBRARIES = YES;
				CODE_SIGN_STYLE = Automatic;
				INFOPLIST_FILE = "Segmented ControlsUITests/Info.plist";
				LD_RUNPATH_SEARCH_PATHS = (
					"$(inherited)",
					"@executable_path/Frameworks",
					"@loader_path/Frameworks",
				);
				PRODUCT_BUNDLE_IDENTIFIER = "lab3.Segmented-ControlsUITests";
				PRODUCT_NAME = "$(TARGET_NAME)";
				SWIFT_VERSION = 4.0;
				TARGETED_DEVICE_FAMILY = "1,2";
				TEST_TARGET_NAME = "Segmented Controls";
			};
			name = Debug;
		};
		5A1384C1216B4116002D7A88 /* Release */ = {
			isa = XCBuildConfiguration;
			buildSettings = {
				ALWAYS_EMBED_SWIFT_STANDARD_LIBRARIES = YES;
				CODE_SIGN_STYLE = Automatic;
				INFOPLIST_FILE = "Segmented ControlsUITests/Info.plist";
				LD_RUNPATH_SEARCH_PATHS = (
					"$(inherited)",
					"@executable_path/Frameworks",
					"@loader_path/Frameworks",
				);
				PRODUCT_BUNDLE_IDENTIFIER = "lab3.Segmented-ControlsUITests";
				PRODUCT_NAME = "$(TARGET_NAME)";
				SWIFT_VERSION = 4.0;
				TARGETED_DEVICE_FAMILY = "1,2";
				TEST_TARGET_NAME = "Segmented Controls";
			};
			name = Release;
		};
/* End XCBuildConfiguration section */

/* Begin XCConfigurationList section */
		5A13848C216B4114002D7A88 /* Build configuration list for PBXProject "Segmented Controls" */ = {
			isa = XCConfigurationList;
			buildConfigurations = (
				5A1384B7216B4116002D7A88 /* Debug */,
				5A1384B8216B4116002D7A88 /* Release */,
			);
			defaultConfigurationIsVisible = 0;
			defaultConfigurationName = Release;
		};
		5A1384B9216B4116002D7A88 /* Build configuration list for PBXNativeTarget "Segmented Controls" */ = {
			isa = XCConfigurationList;
			buildConfigurations = (
				5A1384BA216B4116002D7A88 /* Debug */,
				5A1384BB216B4116002D7A88 /* Release */,
			);
			defaultConfigurationIsVisible = 0;
			defaultConfigurationName = Release;
		};
		5A1384BC216B4116002D7A88 /* Build configuration list for PBXNativeTarget "Segmented ControlsTests" */ = {
			isa = XCConfigurationList;
			buildConfigurations = (
				5A1384BD216B4116002D7A88 /* Debug */,
				5A1384BE216B4116002D7A88 /* Release */,
			);
			defaultConfigurationIsVisible = 0;
			defaultConfigurationName = Release;
		};
		5A1384BF216B4116002D7A88 /* Build configuration list for PBXNativeTarget "Segmented ControlsUITests" */ = {
			isa = XCConfigurationList;
			buildConfigurations = (
				5A1384C0216B4116002D7A88 /* Debug */,
				5A1384C1216B4116002D7A88 /* Release */,
			);
			defaultConfigurationIsVisible = 0;
			defaultConfigurationName = Release;
		};
/* End XCConfigurationList section */
	};
	rootObject = 5A138489216B4114002D7A88 /* Project object */;
}
