// !$*UTF8*$!
{
	archiveVersion = 1;
	classes = {
	};
	objectVersion = 50;
	objects = {

/* Begin PBXBuildFile section */
		5A78DFAE2199A3EB00D46136 /* AppDelegate.swift in Sources */ = {isa = PBXBuildFile; fileRef = 5A78DFAD2199A3EB00D46136 /* AppDelegate.swift */; };
		5A78DFB02199A3EB00D46136 /* ViewController.swift in Sources */ = {isa = PBXBuildFile; fileRef = 5A78DFAF2199A3EB00D46136 /* ViewController.swift */; };
		5A78DFB32199A3EB00D46136 /* Main.storyboard in Resources */ = {isa = PBXBuildFile; fileRef = 5A78DFB12199A3EB00D46136 /* Main.storyboard */; };
		5A78DFB62199A3EB00D46136 /* Core_Data_To_Do.xcdatamodeld in Sources */ = {isa = PBXBuildFile; fileRef = 5A78DFB42199A3EB00D46136 /* Core_Data_To_Do.xcdatamodeld */; };
		5A78DFB82199A3EC00D46136 /* Assets.xcassets in Resources */ = {isa = PBXBuildFile; fileRef = 5A78DFB72199A3EC00D46136 /* Assets.xcassets */; };
		5A78DFBB2199A3EC00D46136 /* LaunchScreen.storyboard in Resources */ = {isa = PBXBuildFile; fileRef = 5A78DFB92199A3EC00D46136 /* LaunchScreen.storyboard */; };
		5A78DFC32199A88E00D46136 /* AddTaskViewController.swift in Sources */ = {isa = PBXBuildFile; fileRef = 5A78DFC22199A88E00D46136 /* AddTaskViewController.swift */; };
/* End PBXBuildFile section */

/* Begin PBXFileReference section */
		5A78DFAA2199A3EB00D46136 /* Core Data To Do.app */ = {isa = PBXFileReference; explicitFileType = wrapper.application; includeInIndex = 0; path = "Core Data To Do.app"; sourceTree = BUILT_PRODUCTS_DIR; };
		5A78DFAD2199A3EB00D46136 /* AppDelegate.swift */ = {isa = PBXFileReference; lastKnownFileType = sourcecode.swift; path = AppDelegate.swift; sourceTree = "<group>"; };
		5A78DFAF2199A3EB00D46136 /* ViewController.swift */ = {isa = PBXFileReference; lastKnownFileType = sourcecode.swift; path = ViewController.swift; sourceTree = "<group>"; };
		5A78DFB22199A3EB00D46136 /* Base */ = {isa = PBXFileReference; lastKnownFileType = file.storyboard; name = Base; path = Base.lproj/Main.storyboard; sourceTree = "<group>"; };
		5A78DFB52199A3EB00D46136 /* Core_Data_To_Do.xcdatamodel */ = {isa = PBXFileReference; lastKnownFileType = wrapper.xcdatamodel; path = Core_Data_To_Do.xcdatamodel; sourceTree = "<group>"; };
		5A78DFB72199A3EC00D46136 /* Assets.xcassets */ = {isa = PBXFileReference; lastKnownFileType = folder.assetcatalog; path = Assets.xcassets; sourceTree = "<group>"; };
		5A78DFBA2199A3EC00D46136 /* Base */ = {isa = PBXFileReference; lastKnownFileType = file.storyboard; name = Base; path = Base.lproj/LaunchScreen.storyboard; sourceTree = "<group>"; };
		5A78DFBC2199A3EC00D46136 /* Info.plist */ = {isa = PBXFileReference; lastKnownFileType = text.plist.xml; path = Info.plist; sourceTree = "<group>"; };
		5A78DFC22199A88E00D46136 /* AddTaskViewController.swift */ = {isa = PBXFileReference; lastKnownFileType = sourcecode.swift; path = AddTaskViewController.swift; sourceTree = "<group>"; };
/* End PBXFileReference section */

/* Begin PBXFrameworksBuildPhase section */
		5A78DFA72199A3EB00D46136 /* Frameworks */ = {
			isa = PBXFrameworksBuildPhase;
			buildActionMask = 2147483647;
			files = (
			);
			runOnlyForDeploymentPostprocessing = 0;
		};
/* End PBXFrameworksBuildPhase section */

/* Begin PBXGroup section */
		5A78DFA12199A3EB00D46136 = {
			isa = PBXGroup;
			children = (
				5A78DFAC2199A3EB00D46136 /* Core Data To Do */,
				5A78DFAB2199A3EB00D46136 /* Products */,
			);
			sourceTree = "<group>";
		};
		5A78DFAB2199A3EB00D46136 /* Products */ = {
			isa = PBXGroup;
			children = (
				5A78DFAA2199A3EB00D46136 /* Core Data To Do.app */,
			);
			name = Products;
			sourceTree = "<group>";
		};
		5A78DFAC2199A3EB00D46136 /* Core Data To Do */ = {
			isa = PBXGroup;
			children = (
				5A78DFAD2199A3EB00D46136 /* AppDelegate.swift */,
				5A78DFAF2199A3EB00D46136 /* ViewController.swift */,
				5A78DFC22199A88E00D46136 /* AddTaskViewController.swift */,
				5A78DFB12199A3EB00D46136 /* Main.storyboard */,
				5A78DFB72199A3EC00D46136 /* Assets.xcassets */,
				5A78DFB92199A3EC00D46136 /* LaunchScreen.storyboard */,
				5A78DFBC2199A3EC00D46136 /* Info.plist */,
				5A78DFB42199A3EB00D46136 /* Core_Data_To_Do.xcdatamodeld */,
			);
			path = "Core Data To Do";
			sourceTree = "<group>";
		};
/* End PBXGroup section */

/* Begin PBXNativeTarget section */
		5A78DFA92199A3EB00D46136 /* Core Data To Do */ = {
			isa = PBXNativeTarget;
			buildConfigurationList = 5A78DFBF2199A3EC00D46136 /* Build configuration list for PBXNativeTarget "Core Data To Do" */;
			buildPhases = (
				5A78DFA62199A3EB00D46136 /* Sources */,
				5A78DFA72199A3EB00D46136 /* Frameworks */,
				5A78DFA82199A3EB00D46136 /* Resources */,
			);
			buildRules = (
			);
			dependencies = (
			);
			name = "Core Data To Do";
			productName = "Core Data To Do";
			productReference = 5A78DFAA2199A3EB00D46136 /* Core Data To Do.app */;
			productType = "com.apple.product-type.application";
		};
/* End PBXNativeTarget section */

/* Begin PBXProject section */
		5A78DFA22199A3EB00D46136 /* Project object */ = {
			isa = PBXProject;
			attributes = {
				LastSwiftUpdateCheck = 1010;
				LastUpgradeCheck = 1010;
				ORGANIZATIONNAME = "Kwong Hau Shing";
				TargetAttributes = {
					5A78DFA92199A3EB00D46136 = {
						CreatedOnToolsVersion = 10.1;
					};
				};
			};
			buildConfigurationList = 5A78DFA52199A3EB00D46136 /* Build configuration list for PBXProject "Core Data To Do" */;
			compatibilityVersion = "Xcode 9.3";
			developmentRegion = en;
			hasScannedForEncodings = 0;
			knownRegions = (
				en,
				Base,
			);
			mainGroup = 5A78DFA12199A3EB00D46136;
			productRefGroup = 5A78DFAB2199A3EB00D46136 /* Products */;
			projectDirPath = "";
			projectRoot = "";
			targets = (
				5A78DFA92199A3EB00D46136 /* Core Data To Do */,
			);
		};
/* End PBXProject section */

/* Begin PBXResourcesBuildPhase section */
		5A78DFA82199A3EB00D46136 /* Resources */ = {
			isa = PBXResourcesBuildPhase;
			buildActionMask = 2147483647;
			files = (
				5A78DFBB2199A3EC00D46136 /* LaunchScreen.storyboard in Resources */,
				5A78DFB82199A3EC00D46136 /* Assets.xcassets in Resources */,
				5A78DFB32199A3EB00D46136 /* Main.storyboard in Resources */,
			);
			runOnlyForDeploymentPostprocessing = 0;
		};
/* End PBXResourcesBuildPhase section */

/* Begin PBXSourcesBuildPhase section */
		5A78DFA62199A3EB00D46136 /* Sources */ = {
			isa = PBXSourcesBuildPhase;
			buildActionMask = 2147483647;
			files = (
				5A78DFB62199A3EB00D46136 /* Core_Data_To_Do.xcdatamodeld in Sources */,
				5A78DFC32199A88E00D46136 /* AddTaskViewController.swift in Sources */,
				5A78DFB02199A3EB00D46136 /* ViewController.swift in Sources */,
				5A78DFAE2199A3EB00D46136 /* AppDelegate.swift in Sources */,
			);
			runOnlyForDeploymentPostprocessing = 0;
		};
/* End PBXSourcesBuildPhase section */

/* Begin PBXVariantGroup section */
		5A78DFB12199A3EB00D46136 /* Main.storyboard */ = {
			isa = PBXVariantGroup;
			children = (
				5A78DFB22199A3EB00D46136 /* Base */,
			);
			name = Main.storyboard;
			sourceTree = "<group>";
		};
		5A78DFB92199A3EC00D46136 /* LaunchScreen.storyboard */ = {
			isa = PBXVariantGroup;
			children = (
				5A78DFBA2199A3EC00D46136 /* Base */,
			);
			name = LaunchScreen.storyboard;
			sourceTree = "<group>";
		};
/* End PBXVariantGroup section */

/* Begin XCBuildConfiguration section */
		5A78DFBD2199A3EC00D46136 /* Debug */ = {
			isa = XCBuildConfiguration;
			buildSettings = {
				ALWAYS_SEARCH_USER_PATHS = NO;
				CLANG_ANALYZER_NONNULL = YES;
				CLANG_ANALYZER_NUMBER_OBJECT_CONVERSION = YES_AGGRESSIVE;
				CLANG_CXX_LANGUAGE_STANDARD = "gnu++14";
				CLANG_CXX_LIBRARY = "libc++";
				CLANG_ENABLE_MODULES = YES;
				CLANG_ENABLE_OBJC_ARC = YES;
				CLANG_ENABLE_OBJC_WEAK = YES;
				CLANG_WARN_BLOCK_CAPTURE_AUTORELEASING = YES;
				CLANG_WARN_BOOL_CONVERSION = YES;
				CLANG_WARN_COMMA = YES;
				CLANG_WARN_CONSTANT_CONVERSION = YES;
				CLANG_WARN_DEPRECATED_OBJC_IMPLEMENTATIONS = YES;
				CLANG_WARN_DIRECT_OBJC_ISA_USAGE = YES_ERROR;
				CLANG_WARN_DOCUMENTATION_COMMENTS = YES;
				CLANG_WARN_EMPTY_BODY = YES;
				CLANG_WARN_ENUM_CONVERSION = YES;
				CLANG_WARN_INFINITE_RECURSION = YES;
				CLANG_WARN_INT_CONVERSION = YES;
				CLANG_WARN_NON_LITERAL_NULL_CONVERSION = YES;
				CLANG_WARN_OBJC_IMPLICIT_RETAIN_SELF = YES;
				CLANG_WARN_OBJC_LITERAL_CONVERSION = YES;
				CLANG_WARN_OBJC_ROOT_CLASS = YES_ERROR;
				CLANG_WARN_RANGE_LOOP_ANALYSIS = YES;
				CLANG_WARN_STRICT_PROTOTYPES = YES;
				CLANG_WARN_SUSPICIOUS_MOVE = YES;
				CLANG_WARN_UNGUARDED_AVAILABILITY = YES_AGGRESSIVE;
				CLANG_WARN_UNREACHABLE_CODE = YES;
				CLANG_WARN__DUPLICATE_METHOD_MATCH = YES;
				CODE_SIGN_IDENTITY = "iPhone Developer";
				COPY_PHASE_STRIP = NO;
				DEBUG_INFORMATION_FORMAT = dwarf;
				ENABLE_STRICT_OBJC_MSGSEND = YES;
				ENABLE_TESTABILITY = YES;
				GCC_C_LANGUAGE_STANDARD = gnu11;
				GCC_DYNAMIC_NO_PIC = NO;
				GCC_NO_COMMON_BLOCKS = YES;
				GCC_OPTIMIZATION_LEVEL = 0;
				GCC_PREPROCESSOR_DEFINITIONS = (
					"DEBUG=1",
					"$(inherited)",
				);
				GCC_WARN_64_TO_32_BIT_CONVERSION = YES;
				GCC_WARN_ABOUT_RETURN_TYPE = YES_ERROR;
				GCC_WARN_UNDECLARED_SELECTOR = YES;
				GCC_WARN_UNINITIALIZED_AUTOS = YES_AGGRESSIVE;
				GCC_WARN_UNUSED_FUNCTION = YES;
				GCC_WARN_UNUSED_VARIABLE = YES;
				IPHONEOS_DEPLOYMENT_TARGET = 12.1;
				MTL_ENABLE_DEBUG_INFO = INCLUDE_SOURCE;
				MTL_FAST_MATH = YES;
				ONLY_ACTIVE_ARCH = YES;
				SDKROOT = iphoneos;
				SWIFT_ACTIVE_COMPILATION_CONDITIONS = DEBUG;
				SWIFT_OPTIMIZATION_LEVEL = "-Onone";
			};
			name = Debug;
		};
		5A78DFBE2199A3EC00D46136 /* Release */ = {
			isa = XCBuildConfiguration;
			buildSettings = {
				ALWAYS_SEARCH_USER_PATHS = NO;
				CLANG_ANALYZER_NONNULL = YES;
				CLANG_ANALYZER_NUMBER_OBJECT_CONVERSION = YES_AGGRESSIVE;
				CLANG_CXX_LANGUAGE_STANDARD = "gnu++14";
				CLANG_CXX_LIBRARY = "libc++";
				CLANG_ENABLE_MODULES = YES;
				CLANG_ENABLE_OBJC_ARC = YES;
				CLANG_ENABLE_OBJC_WEAK = YES;
				CLANG_WARN_BLOCK_CAPTURE_AUTORELEASING = YES;
				CLANG_WARN_BOOL_CONVERSION = YES;
				CLANG_WARN_COMMA = YES;
				CLANG_WARN_CONSTANT_CONVERSION = YES;
				CLANG_WARN_DEPRECATED_OBJC_IMPLEMENTATIONS = YES;
				CLANG_WARN_DIRECT_OBJC_ISA_USAGE = YES_ERROR;
				CLANG_WARN_DOCUMENTATION_COMMENTS = YES;
				CLANG_WARN_EMPTY_BODY = YES;
				CLANG_WARN_ENUM_CONVERSION = YES;
				CLANG_WARN_INFINITE_RECURSION = YES;
				CLANG_WARN_INT_CONVERSION = YES;
				CLANG_WARN_NON_LITERAL_NULL_CONVERSION = YES;
				CLANG_WARN_OBJC_IMPLICIT_RETAIN_SELF = YES;
				CLANG_WARN_OBJC_LITERAL_CONVERSION = YES;
				CLANG_WARN_OBJC_ROOT_CLASS = YES_ERROR;
				CLANG_WARN_RANGE_LOOP_ANALYSIS = YES;
				CLANG_WARN_STRICT_PROTOTYPES = YES;
				CLANG_WARN_SUSPICIOUS_MOVE = YES;
				CLANG_WARN_UNGUARDED_AVAILABILITY = YES_AGGRESSIVE;
				CLANG_WARN_UNREACHABLE_CODE = YES;
				CLANG_WARN__DUPLICATE_METHOD_MATCH = YES;
				CODE_SIGN_IDENTITY = "iPhone Developer";
				COPY_PHASE_STRIP = NO;
				DEBUG_INFORMATION_FORMAT = "dwarf-with-dsym";
				ENABLE_NS_ASSERTIONS = NO;
				ENABLE_STRICT_OBJC_MSGSEND = YES;
				GCC_C_LANGUAGE_STANDARD = gnu11;
				GCC_NO_COMMON_BLOCKS = YES;
				GCC_WARN_64_TO_32_BIT_CONVERSION = YES;
				GCC_WARN_ABOUT_RETURN_TYPE = YES_ERROR;
				GCC_WARN_UNDECLARED_SELECTOR = YES;
				GCC_WARN_UNINITIALIZED_AUTOS = YES_AGGRESSIVE;
				GCC_WARN_UNUSED_FUNCTION = YES;
				GCC_WARN_UNUSED_VARIABLE = YES;
				IPHONEOS_DEPLOYMENT_TARGET = 12.1;
				MTL_ENABLE_DEBUG_INFO = NO;
				MTL_FAST_MATH = YES;
				SDKROOT = iphoneos;
				SWIFT_COMPILATION_MODE = wholemodule;
				SWIFT_OPTIMIZATION_LEVEL = "-O";
				VALIDATE_PRODUCT = YES;
			};
			name = Release;
		};
		5A78DFC02199A3EC00D46136 /* Debug */ = {
			isa = XCBuildConfiguration;
			buildSettings = {
				ASSETCATALOG_COMPILER_APPICON_NAME = AppIcon;
				CODE_SIGN_STYLE = Automatic;
				INFOPLIST_FILE = "Core Data To Do/Info.plist";
				LD_RUNPATH_SEARCH_PATHS = (
					"$(inherited)",
					"@executable_path/Frameworks",
				);
				PRODUCT_BUNDLE_IDENTIFIER = "lab3.Core-Data-To-Do";
				PRODUCT_NAME = "$(TARGET_NAME)";
				SWIFT_VERSION = 4.2;
				TARGETED_DEVICE_FAMILY = "1,2";
			};
			name = Debug;
		};
		5A78DFC12199A3EC00D46136 /* Release */ = {
			isa = XCBuildConfiguration;
			buildSettings = {
				ASSETCATALOG_COMPILER_APPICON_NAME = AppIcon;
				CODE_SIGN_STYLE = Automatic;
				INFOPLIST_FILE = "Core Data To Do/Info.plist";
				LD_RUNPATH_SEARCH_PATHS = (
					"$(inherited)",
					"@executable_path/Frameworks",
				);
				PRODUCT_BUNDLE_IDENTIFIER = "lab3.Core-Data-To-Do";
				PRODUCT_NAME = "$(TARGET_NAME)";
				SWIFT_VERSION = 4.2;
				TARGETED_DEVICE_FAMILY = "1,2";
			};
			name = Release;
		};
/* End XCBuildConfiguration section */

/* Begin XCConfigurationList section */
		5A78DFA52199A3EB00D46136 /* Build configuration list for PBXProject "Core Data To Do" */ = {
			isa = XCConfigurationList;
			buildConfigurations = (
				5A78DFBD2199A3EC00D46136 /* Debug */,
				5A78DFBE2199A3EC00D46136 /* Release */,
			);
			defaultConfigurationIsVisible = 0;
			defaultConfigurationName = Release;
		};
		5A78DFBF2199A3EC00D46136 /* Build configuration list for PBXNativeTarget "Core Data To Do" */ = {
			isa = XCConfigurationList;
			buildConfigurations = (
				5A78DFC02199A3EC00D46136 /* Debug */,
				5A78DFC12199A3EC00D46136 /* Release */,
			);
			defaultConfigurationIsVisible = 0;
			defaultConfigurationName = Release;
		};
/* End XCConfigurationList section */

/* Begin XCVersionGroup section */
		5A78DFB42199A3EB00D46136 /* Core_Data_To_Do.xcdatamodeld */ = {
			isa = XCVersionGroup;
			children = (
				5A78DFB52199A3EB00D46136 /* Core_Data_To_Do.xcdatamodel */,
			);
			currentVersion = 5A78DFB52199A3EB00D46136 /* Core_Data_To_Do.xcdatamodel */;
			path = Core_Data_To_Do.xcdatamodeld;
			sourceTree = "<group>";
			versionGroupType = wrapper.xcdatamodel;
		};
/* End XCVersionGroup section */
	};
	rootObject = 5A78DFA22199A3EB00D46136 /* Project object */;
}
