// !$*UTF8*$!
{
	archiveVersion = 1;
	classes = {
	};
	objectVersion = 50;
	objects = {

/* Begin PBXBuildFile section */
		5AC094A2216E4DC60034A74E /* AppDelegate.swift in Sources */ = {isa = PBXBuildFile; fileRef = 5AC094A1216E4DC60034A74E /* AppDelegate.swift */; };
		5AC094A4216E4DC60034A74E /* ViewController.swift in Sources */ = {isa = PBXBuildFile; fileRef = 5AC094A3216E4DC60034A74E /* ViewController.swift */; };
		5AC094A7216E4DC60034A74E /* Main.storyboard in Resources */ = {isa = PBXBuildFile; fileRef = 5AC094A5216E4DC60034A74E /* Main.storyboard */; };
		5AC094A9216E4DC70034A74E /* Assets.xcassets in Resources */ = {isa = PBXBuildFile; fileRef = 5AC094A8216E4DC70034A74E /* Assets.xcassets */; };
		5AC094AC216E4DC70034A74E /* LaunchScreen.storyboard in Resources */ = {isa = PBXBuildFile; fileRef = 5AC094AA216E4DC70034A74E /* LaunchScreen.storyboard */; };
		5AC094B7216E4DC70034A74E /* calculatorTests.swift in Sources */ = {isa = PBXBuildFile; fileRef = 5AC094B6216E4DC70034A74E /* calculatorTests.swift */; };
		5AC094C2216E4DC70034A74E /* calculatorUITests.swift in Sources */ = {isa = PBXBuildFile; fileRef = 5AC094C1216E4DC70034A74E /* calculatorUITests.swift */; };
/* End PBXBuildFile section */

/* Begin PBXContainerItemProxy section */
		5AC094B3216E4DC70034A74E /* PBXContainerItemProxy */ = {
			isa = PBXContainerItemProxy;
			containerPortal = 5AC09496216E4DC60034A74E /* Project object */;
			proxyType = 1;
			remoteGlobalIDString = 5AC0949D216E4DC60034A74E;
			remoteInfo = calculator;
		};
		5AC094BE216E4DC70034A74E /* PBXContainerItemProxy */ = {
			isa = PBXContainerItemProxy;
			containerPortal = 5AC09496216E4DC60034A74E /* Project object */;
			proxyType = 1;
			remoteGlobalIDString = 5AC0949D216E4DC60034A74E;
			remoteInfo = calculator;
		};
/* End PBXContainerItemProxy section */

/* Begin PBXFileReference section */
		5AC0949E216E4DC60034A74E /* calculator.app */ = {isa = PBXFileReference; explicitFileType = wrapper.application; includeInIndex = 0; path = calculator.app; sourceTree = BUILT_PRODUCTS_DIR; };
		5AC094A1216E4DC60034A74E /* AppDelegate.swift */ = {isa = PBXFileReference; lastKnownFileType = sourcecode.swift; path = AppDelegate.swift; sourceTree = "<group>"; };
		5AC094A3216E4DC60034A74E /* ViewController.swift */ = {isa = PBXFileReference; lastKnownFileType = sourcecode.swift; path = ViewController.swift; sourceTree = "<group>"; };
		5AC094A6216E4DC60034A74E /* Base */ = {isa = PBXFileReference; lastKnownFileType = file.storyboard; name = Base; path = Base.lproj/Main.storyboard; sourceTree = "<group>"; };
		5AC094A8216E4DC70034A74E /* Assets.xcassets */ = {isa = PBXFileReference; lastKnownFileType = folder.assetcatalog; path = Assets.xcassets; sourceTree = "<group>"; };
		5AC094AB216E4DC70034A74E /* Base */ = {isa = PBXFileReference; lastKnownFileType = file.storyboard; name = Base; path = Base.lproj/LaunchScreen.storyboard; sourceTree = "<group>"; };
		5AC094AD216E4DC70034A74E /* Info.plist */ = {isa = PBXFileReference; lastKnownFileType = text.plist.xml; path = Info.plist; sourceTree = "<group>"; };
		5AC094B2216E4DC70034A74E /* calculatorTests.xctest */ = {isa = PBXFileReference; explicitFileType = wrapper.cfbundle; includeInIndex = 0; path = calculatorTests.xctest; sourceTree = BUILT_PRODUCTS_DIR; };
		5AC094B6216E4DC70034A74E /* calculatorTests.swift */ = {isa = PBXFileReference; lastKnownFileType = sourcecode.swift; path = calculatorTests.swift; sourceTree = "<group>"; };
		5AC094B8216E4DC70034A74E /* Info.plist */ = {isa = PBXFileReference; lastKnownFileType = text.plist.xml; path = Info.plist; sourceTree = "<group>"; };
		5AC094BD216E4DC70034A74E /* calculatorUITests.xctest */ = {isa = PBXFileReference; explicitFileType = wrapper.cfbundle; includeInIndex = 0; path = calculatorUITests.xctest; sourceTree = BUILT_PRODUCTS_DIR; };
		5AC094C1216E4DC70034A74E /* calculatorUITests.swift */ = {isa = PBXFileReference; lastKnownFileType = sourcecode.swift; path = calculatorUITests.swift; sourceTree = "<group>"; };
		5AC094C3216E4DC70034A74E /* Info.plist */ = {isa = PBXFileReference; lastKnownFileType = text.plist.xml; path = Info.plist; sourceTree = "<group>"; };
/* End PBXFileReference section */

/* Begin PBXFrameworksBuildPhase section */
		5AC0949B216E4DC60034A74E /* Frameworks */ = {
			isa = PBXFrameworksBuildPhase;
			buildActionMask = 2147483647;
			files = (
			);
			runOnlyForDeploymentPostprocessing = 0;
		};
		5AC094AF216E4DC70034A74E /* Frameworks */ = {
			isa = PBXFrameworksBuildPhase;
			buildActionMask = 2147483647;
			files = (
			);
			runOnlyForDeploymentPostprocessing = 0;
		};
		5AC094BA216E4DC70034A74E /* Frameworks */ = {
			isa = PBXFrameworksBuildPhase;
			buildActionMask = 2147483647;
			files = (
			);
			runOnlyForDeploymentPostprocessing = 0;
		};
/* End PBXFrameworksBuildPhase section */

/* Begin PBXGroup section */
		5AC09495216E4DC60034A74E = {
			isa = PBXGroup;
			children = (
				5AC094A0216E4DC60034A74E /* calculator */,
				5AC094B5216E4DC70034A74E /* calculatorTests */,
				5AC094C0216E4DC70034A74E /* calculatorUITests */,
				5AC0949F216E4DC60034A74E /* Products */,
			);
			sourceTree = "<group>";
		};
		5AC0949F216E4DC60034A74E /* Products */ = {
			isa = PBXGroup;
			children = (
				5AC0949E216E4DC60034A74E /* calculator.app */,
				5AC094B2216E4DC70034A74E /* calculatorTests.xctest */,
				5AC094BD216E4DC70034A74E /* calculatorUITests.xctest */,
			);
			name = Products;
			sourceTree = "<group>";
		};
		5AC094A0216E4DC60034A74E /* calculator */ = {
			isa = PBXGroup;
			children = (
				5AC094A1216E4DC60034A74E /* AppDelegate.swift */,
				5AC094A3216E4DC60034A74E /* ViewController.swift */,
				5AC094A5216E4DC60034A74E /* Main.storyboard */,
				5AC094A8216E4DC70034A74E /* Assets.xcassets */,
				5AC094AA216E4DC70034A74E /* LaunchScreen.storyboard */,
				5AC094AD216E4DC70034A74E /* Info.plist */,
			);
			path = calculator;
			sourceTree = "<group>";
		};
		5AC094B5216E4DC70034A74E /* calculatorTests */ = {
			isa = PBXGroup;
			children = (
				5AC094B6216E4DC70034A74E /* calculatorTests.swift */,
				5AC094B8216E4DC70034A74E /* Info.plist */,
			);
			path = calculatorTests;
			sourceTree = "<group>";
		};
		5AC094C0216E4DC70034A74E /* calculatorUITests */ = {
			isa = PBXGroup;
			children = (
				5AC094C1216E4DC70034A74E /* calculatorUITests.swift */,
				5AC094C3216E4DC70034A74E /* Info.plist */,
			);
			path = calculatorUITests;
			sourceTree = "<group>";
		};
/* End PBXGroup section */

/* Begin PBXNativeTarget section */
		5AC0949D216E4DC60034A74E /* calculator */ = {
			isa = PBXNativeTarget;
			buildConfigurationList = 5AC094C6216E4DC70034A74E /* Build configuration list for PBXNativeTarget "calculator" */;
			buildPhases = (
				5AC0949A216E4DC60034A74E /* Sources */,
				5AC0949B216E4DC60034A74E /* Frameworks */,
				5AC0949C216E4DC60034A74E /* Resources */,
			);
			buildRules = (
			);
			dependencies = (
			);
			name = calculator;
			productName = calculator;
			productReference = 5AC0949E216E4DC60034A74E /* calculator.app */;
			productType = "com.apple.product-type.application";
		};
		5AC094B1216E4DC70034A74E /* calculatorTests */ = {
			isa = PBXNativeTarget;
			buildConfigurationList = 5AC094C9216E4DC70034A74E /* Build configuration list for PBXNativeTarget "calculatorTests" */;
			buildPhases = (
				5AC094AE216E4DC70034A74E /* Sources */,
				5AC094AF216E4DC70034A74E /* Frameworks */,
				5AC094B0216E4DC70034A74E /* Resources */,
			);
			buildRules = (
			);
			dependencies = (
				5AC094B4216E4DC70034A74E /* PBXTargetDependency */,
			);
			name = calculatorTests;
			productName = calculatorTests;
			productReference = 5AC094B2216E4DC70034A74E /* calculatorTests.xctest */;
			productType = "com.apple.product-type.bundle.unit-test";
		};
		5AC094BC216E4DC70034A74E /* calculatorUITests */ = {
			isa = PBXNativeTarget;
			buildConfigurationList = 5AC094CC216E4DC70034A74E /* Build configuration list for PBXNativeTarget "calculatorUITests" */;
			buildPhases = (
				5AC094B9216E4DC70034A74E /* Sources */,
				5AC094BA216E4DC70034A74E /* Frameworks */,
				5AC094BB216E4DC70034A74E /* Resources */,
			);
			buildRules = (
			);
			dependencies = (
				5AC094BF216E4DC70034A74E /* PBXTargetDependency */,
			);
			name = calculatorUITests;
			productName = calculatorUITests;
			productReference = 5AC094BD216E4DC70034A74E /* calculatorUITests.xctest */;
			productType = "com.apple.product-type.bundle.ui-testing";
		};
/* End PBXNativeTarget section */

/* Begin PBXProject section */
		5AC09496216E4DC60034A74E /* Project object */ = {
			isa = PBXProject;
			attributes = {
				LastSwiftUpdateCheck = 0940;
				LastUpgradeCheck = 0940;
				ORGANIZATIONNAME = "Kwong Hau Shing";
				TargetAttributes = {
					5AC0949D216E4DC60034A74E = {
						CreatedOnToolsVersion = 9.4.1;
					};
					5AC094B1216E4DC70034A74E = {
						CreatedOnToolsVersion = 9.4.1;
						TestTargetID = 5AC0949D216E4DC60034A74E;
					};
					5AC094BC216E4DC70034A74E = {
						CreatedOnToolsVersion = 9.4.1;
						TestTargetID = 5AC0949D216E4DC60034A74E;
					};
				};
			};
			buildConfigurationList = 5AC09499216E4DC60034A74E /* Build configuration list for PBXProject "calculator" */;
			compatibilityVersion = "Xcode 9.3";
			developmentRegion = en;
			hasScannedForEncodings = 0;
			knownRegions = (
				en,
				Base,
			);
			mainGroup = 5AC09495216E4DC60034A74E;
			productRefGroup = 5AC0949F216E4DC60034A74E /* Products */;
			projectDirPath = "";
			projectRoot = "";
			targets = (
				5AC0949D216E4DC60034A74E /* calculator */,
				5AC094B1216E4DC70034A74E /* calculatorTests */,
				5AC094BC216E4DC70034A74E /* calculatorUITests */,
			);
		};
/* End PBXProject section */

/* Begin PBXResourcesBuildPhase section */
		5AC0949C216E4DC60034A74E /* Resources */ = {
			isa = PBXResourcesBuildPhase;
			buildActionMask = 2147483647;
			files = (
				5AC094AC216E4DC70034A74E /* LaunchScreen.storyboard in Resources */,
				5AC094A9216E4DC70034A74E /* Assets.xcassets in Resources */,
				5AC094A7216E4DC60034A74E /* Main.storyboard in Resources */,
			);
			runOnlyForDeploymentPostprocessing = 0;
		};
		5AC094B0216E4DC70034A74E /* Resources */ = {
			isa = PBXResourcesBuildPhase;
			buildActionMask = 2147483647;
			files = (
			);
			runOnlyForDeploymentPostprocessing = 0;
		};
		5AC094BB216E4DC70034A74E /* Resources */ = {
			isa = PBXResourcesBuildPhase;
			buildActionMask = 2147483647;
			files = (
			);
			runOnlyForDeploymentPostprocessing = 0;
		};
/* End PBXResourcesBuildPhase section */

/* Begin PBXSourcesBuildPhase section */
		5AC0949A216E4DC60034A74E /* Sources */ = {
			isa = PBXSourcesBuildPhase;
			buildActionMask = 2147483647;
			files = (
				5AC094A4216E4DC60034A74E /* ViewController.swift in Sources */,
				5AC094A2216E4DC60034A74E /* AppDelegate.swift in Sources */,
			);
			runOnlyForDeploymentPostprocessing = 0;
		};
		5AC094AE216E4DC70034A74E /* Sources */ = {
			isa = PBXSourcesBuildPhase;
			buildActionMask = 2147483647;
			files = (
				5AC094B7216E4DC70034A74E /* calculatorTests.swift in Sources */,
			);
			runOnlyForDeploymentPostprocessing = 0;
		};
		5AC094B9216E4DC70034A74E /* Sources */ = {
			isa = PBXSourcesBuildPhase;
			buildActionMask = 2147483647;
			files = (
				5AC094C2216E4DC70034A74E /* calculatorUITests.swift in Sources */,
			);
			runOnlyForDeploymentPostprocessing = 0;
		};
/* End PBXSourcesBuildPhase section */

/* Begin PBXTargetDependency section */
		5AC094B4216E4DC70034A74E /* PBXTargetDependency */ = {
			isa = PBXTargetDependency;
			target = 5AC0949D216E4DC60034A74E /* calculator */;
			targetProxy = 5AC094B3216E4DC70034A74E /* PBXContainerItemProxy */;
		};
		5AC094BF216E4DC70034A74E /* PBXTargetDependency */ = {
			isa = PBXTargetDependency;
			target = 5AC0949D216E4DC60034A74E /* calculator */;
			targetProxy = 5AC094BE216E4DC70034A74E /* PBXContainerItemProxy */;
		};
/* End PBXTargetDependency section */

/* Begin PBXVariantGroup section */
		5AC094A5216E4DC60034A74E /* Main.storyboard */ = {
			isa = PBXVariantGroup;
			children = (
				5AC094A6216E4DC60034A74E /* Base */,
			);
			name = Main.storyboard;
			sourceTree = "<group>";
		};
		5AC094AA216E4DC70034A74E /* LaunchScreen.storyboard */ = {
			isa = PBXVariantGroup;
			children = (
				5AC094AB216E4DC70034A74E /* Base */,
			);
			name = LaunchScreen.storyboard;
			sourceTree = "<group>";
		};
/* End PBXVariantGroup section */

/* Begin XCBuildConfiguration section */
		5AC094C4216E4DC70034A74E /* Debug */ = {
			isa = XCBuildConfiguration;
			buildSettings = {
				ALWAYS_SEARCH_USER_PATHS = NO;
				CLANG_ANALYZER_NONNULL = YES;
				CLANG_ANALYZER_NUMBER_OBJECT_CONVERSION = YES_AGGRESSIVE;
				CLANG_CXX_LANGUAGE_STANDARD = "gnu++14";
				CLANG_CXX_LIBRARY = "libc++";
				CLANG_ENABLE_MODULES = YES;
				CLANG_ENABLE_OBJC_ARC = YES;
				CLANG_ENABLE_OBJC_WEAK = YES;
				CLANG_WARN_BLOCK_CAPTURE_AUTORELEASING = YES;
				CLANG_WARN_BOOL_CONVERSION = YES;
				CLANG_WARN_COMMA = YES;
				CLANG_WARN_CONSTANT_CONVERSION = YES;
				CLANG_WARN_DEPRECATED_OBJC_IMPLEMENTATIONS = YES;
				CLANG_WARN_DIRECT_OBJC_ISA_USAGE = YES_ERROR;
				CLANG_WARN_DOCUMENTATION_COMMENTS = YES;
				CLANG_WARN_EMPTY_BODY = YES;
				CLANG_WARN_ENUM_CONVERSION = YES;
				CLANG_WARN_INFINITE_RECURSION = YES;
				CLANG_WARN_INT_CONVERSION = YES;
				CLANG_WARN_NON_LITERAL_NULL_CONVERSION = YES;
				CLANG_WARN_OBJC_IMPLICIT_RETAIN_SELF = YES;
				CLANG_WARN_OBJC_LITERAL_CONVERSION = YES;
				CLANG_WARN_OBJC_ROOT_CLASS = YES_ERROR;
				CLANG_WARN_RANGE_LOOP_ANALYSIS = YES;
				CLANG_WARN_STRICT_PROTOTYPES = YES;
				CLANG_WARN_SUSPICIOUS_MOVE = YES;
				CLANG_WARN_UNGUARDED_AVAILABILITY = YES_AGGRESSIVE;
				CLANG_WARN_UNREACHABLE_CODE = YES;
				CLANG_WARN__DUPLICATE_METHOD_MATCH = YES;
				CODE_SIGN_IDENTITY = "iPhone Developer";
				COPY_PHASE_STRIP = NO;
				DEBUG_INFORMATION_FORMAT = dwarf;
				ENABLE_STRICT_OBJC_MSGSEND = YES;
				ENABLE_TESTABILITY = YES;
				GCC_C_LANGUAGE_STANDARD = gnu11;
				GCC_DYNAMIC_NO_PIC = NO;
				GCC_NO_COMMON_BLOCKS = YES;
				GCC_OPTIMIZATION_LEVEL = 0;
				GCC_PREPROCESSOR_DEFINITIONS = (
					"DEBUG=1",
					"$(inherited)",
				);
				GCC_WARN_64_TO_32_BIT_CONVERSION = YES;
				GCC_WARN_ABOUT_RETURN_TYPE = YES_ERROR;
				GCC_WARN_UNDECLARED_SELECTOR = YES;
				GCC_WARN_UNINITIALIZED_AUTOS = YES_AGGRESSIVE;
				GCC_WARN_UNUSED_FUNCTION = YES;
				GCC_WARN_UNUSED_VARIABLE = YES;
				IPHONEOS_DEPLOYMENT_TARGET = 11.4;
				MTL_ENABLE_DEBUG_INFO = YES;
				ONLY_ACTIVE_ARCH = YES;
				SDKROOT = iphoneos;
				SWIFT_ACTIVE_COMPILATION_CONDITIONS = DEBUG;
				SWIFT_OPTIMIZATION_LEVEL = "-Onone";
			};
			name = Debug;
		};
		5AC094C5216E4DC70034A74E /* Release */ = {
			isa = XCBuildConfiguration;
			buildSettings = {
				ALWAYS_SEARCH_USER_PATHS = NO;
				CLANG_ANALYZER_NONNULL = YES;
				CLANG_ANALYZER_NUMBER_OBJECT_CONVERSION = YES_AGGRESSIVE;
				CLANG_CXX_LANGUAGE_STANDARD = "gnu++14";
				CLANG_CXX_LIBRARY = "libc++";
				CLANG_ENABLE_MODULES = YES;
				CLANG_ENABLE_OBJC_ARC = YES;
				CLANG_ENABLE_OBJC_WEAK = YES;
				CLANG_WARN_BLOCK_CAPTURE_AUTORELEASING = YES;
				CLANG_WARN_BOOL_CONVERSION = YES;
				CLANG_WARN_COMMA = YES;
				CLANG_WARN_CONSTANT_CONVERSION = YES;
				CLANG_WARN_DEPRECATED_OBJC_IMPLEMENTATIONS = YES;
				CLANG_WARN_DIRECT_OBJC_ISA_USAGE = YES_ERROR;
				CLANG_WARN_DOCUMENTATION_COMMENTS = YES;
				CLANG_WARN_EMPTY_BODY = YES;
				CLANG_WARN_ENUM_CONVERSION = YES;
				CLANG_WARN_INFINITE_RECURSION = YES;
				CLANG_WARN_INT_CONVERSION = YES;
				CLANG_WARN_NON_LITERAL_NULL_CONVERSION = YES;
				CLANG_WARN_OBJC_IMPLICIT_RETAIN_SELF = YES;
				CLANG_WARN_OBJC_LITERAL_CONVERSION = YES;
				CLANG_WARN_OBJC_ROOT_CLASS = YES_ERROR;
				CLANG_WARN_RANGE_LOOP_ANALYSIS = YES;
				CLANG_WARN_STRICT_PROTOTYPES = YES;
				CLANG_WARN_SUSPICIOUS_MOVE = YES;
				CLANG_WARN_UNGUARDED_AVAILABILITY = YES_AGGRESSIVE;
				CLANG_WARN_UNREACHABLE_CODE = YES;
				CLANG_WARN__DUPLICATE_METHOD_MATCH = YES;
				CODE_SIGN_IDENTITY = "iPhone Developer";
				COPY_PHASE_STRIP = NO;
				DEBUG_INFORMATION_FORMAT = "dwarf-with-dsym";
				ENABLE_NS_ASSERTIONS = NO;
				ENABLE_STRICT_OBJC_MSGSEND = YES;
				GCC_C_LANGUAGE_STANDARD = gnu11;
				GCC_NO_COMMON_BLOCKS = YES;
				GCC_WARN_64_TO_32_BIT_CONVERSION = YES;
				GCC_WARN_ABOUT_RETURN_TYPE = YES_ERROR;
				GCC_WARN_UNDECLARED_SELECTOR = YES;
				GCC_WARN_UNINITIALIZED_AUTOS = YES_AGGRESSIVE;
				GCC_WARN_UNUSED_FUNCTION = YES;
				GCC_WARN_UNUSED_VARIABLE = YES;
				IPHONEOS_DEPLOYMENT_TARGET = 11.4;
				MTL_ENABLE_DEBUG_INFO = NO;
				SDKROOT = iphoneos;
				SWIFT_COMPILATION_MODE = wholemodule;
				SWIFT_OPTIMIZATION_LEVEL = "-O";
				VALIDATE_PRODUCT = YES;
			};
			name = Release;
		};
		5AC094C7216E4DC70034A74E /* Debug */ = {
			isa = XCBuildConfiguration;
			buildSettings = {
				ASSETCATALOG_COMPILER_APPICON_NAME = AppIcon;
				CODE_SIGN_STYLE = Automatic;
				INFOPLIST_FILE = calculator/Info.plist;
				LD_RUNPATH_SEARCH_PATHS = (
					"$(inherited)",
					"@executable_path/Frameworks",
				);
				PRODUCT_BUNDLE_IDENTIFIER = lab3.calculator;
				PRODUCT_NAME = "$(TARGET_NAME)";
				SWIFT_VERSION = 4.0;
				TARGETED_DEVICE_FAMILY = "1,2";
			};
			name = Debug;
		};
		5AC094C8216E4DC70034A74E /* Release */ = {
			isa = XCBuildConfiguration;
			buildSettings = {
				ASSETCATALOG_COMPILER_APPICON_NAME = AppIcon;
				CODE_SIGN_STYLE = Automatic;
				INFOPLIST_FILE = calculator/Info.plist;
				LD_RUNPATH_SEARCH_PATHS = (
					"$(inherited)",
					"@executable_path/Frameworks",
				);
				PRODUCT_BUNDLE_IDENTIFIER = lab3.calculator;
				PRODUCT_NAME = "$(TARGET_NAME)";
				SWIFT_VERSION = 4.0;
				TARGETED_DEVICE_FAMILY = "1,2";
			};
			name = Release;
		};
		5AC094CA216E4DC70034A74E /* Debug */ = {
			isa = XCBuildConfiguration;
			buildSettings = {
				ALWAYS_EMBED_SWIFT_STANDARD_LIBRARIES = YES;
				BUNDLE_LOADER = "$(TEST_HOST)";
				CODE_SIGN_STYLE = Automatic;
				INFOPLIST_FILE = calculatorTests/Info.plist;
				LD_RUNPATH_SEARCH_PATHS = (
					"$(inherited)",
					"@executable_path/Frameworks",
					"@loader_path/Frameworks",
				);
				PRODUCT_BUNDLE_IDENTIFIER = lab3.calculatorTests;
				PRODUCT_NAME = "$(TARGET_NAME)";
				SWIFT_VERSION = 4.0;
				TARGETED_DEVICE_FAMILY = "1,2";
				TEST_HOST = "$(BUILT_PRODUCTS_DIR)/calculator.app/calculator";
			};
			name = Debug;
		};
		5AC094CB216E4DC70034A74E /* Release */ = {
			isa = XCBuildConfiguration;
			buildSettings = {
				ALWAYS_EMBED_SWIFT_STANDARD_LIBRARIES = YES;
				BUNDLE_LOADER = "$(TEST_HOST)";
				CODE_SIGN_STYLE = Automatic;
				INFOPLIST_FILE = calculatorTests/Info.plist;
				LD_RUNPATH_SEARCH_PATHS = (
					"$(inherited)",
					"@executable_path/Frameworks",
					"@loader_path/Frameworks",
				);
				PRODUCT_BUNDLE_IDENTIFIER = lab3.calculatorTests;
				PRODUCT_NAME = "$(TARGET_NAME)";
				SWIFT_VERSION = 4.0;
				TARGETED_DEVICE_FAMILY = "1,2";
				TEST_HOST = "$(BUILT_PRODUCTS_DIR)/calculator.app/calculator";
			};
			name = Release;
		};
		5AC094CD216E4DC70034A74E /* Debug */ = {
			isa = XCBuildConfiguration;
			buildSettings = {
				ALWAYS_EMBED_SWIFT_STANDARD_LIBRARIES = YES;
				CODE_SIGN_STYLE = Automatic;
				INFOPLIST_FILE = calculatorUITests/Info.plist;
				LD_RUNPATH_SEARCH_PATHS = (
					"$(inherited)",
					"@executable_path/Frameworks",
					"@loader_path/Frameworks",
				);
				PRODUCT_BUNDLE_IDENTIFIER = lab3.calculatorUITests;
				PRODUCT_NAME = "$(TARGET_NAME)";
				SWIFT_VERSION = 4.0;
				TARGETED_DEVICE_FAMILY = "1,2";
				TEST_TARGET_NAME = calculator;
			};
			name = Debug;
		};
		5AC094CE216E4DC70034A74E /* Release */ = {
			isa = XCBuildConfiguration;
			buildSettings = {
				ALWAYS_EMBED_SWIFT_STANDARD_LIBRARIES = YES;
				CODE_SIGN_STYLE = Automatic;
				INFOPLIST_FILE = calculatorUITests/Info.plist;
				LD_RUNPATH_SEARCH_PATHS = (
					"$(inherited)",
					"@executable_path/Frameworks",
					"@loader_path/Frameworks",
				);
				PRODUCT_BUNDLE_IDENTIFIER = lab3.calculatorUITests;
				PRODUCT_NAME = "$(TARGET_NAME)";
				SWIFT_VERSION = 4.0;
				TARGETED_DEVICE_FAMILY = "1,2";
				TEST_TARGET_NAME = calculator;
			};
			name = Release;
		};
/* End XCBuildConfiguration section */

/* Begin XCConfigurationList section */
		5AC09499216E4DC60034A74E /* Build configuration list for PBXProject "calculator" */ = {
			isa = XCConfigurationList;
			buildConfigurations = (
				5AC094C4216E4DC70034A74E /* Debug */,
				5AC094C5216E4DC70034A74E /* Release */,
			);
			defaultConfigurationIsVisible = 0;
			defaultConfigurationName = Release;
		};
		5AC094C6216E4DC70034A74E /* Build configuration list for PBXNativeTarget "calculator" */ = {
			isa = XCConfigurationList;
			buildConfigurations = (
				5AC094C7216E4DC70034A74E /* Debug */,
				5AC094C8216E4DC70034A74E /* Release */,
			);
			defaultConfigurationIsVisible = 0;
			defaultConfigurationName = Release;
		};
		5AC094C9216E4DC70034A74E /* Build configuration list for PBXNativeTarget "calculatorTests" */ = {
			isa = XCConfigurationList;
			buildConfigurations = (
				5AC094CA216E4DC70034A74E /* Debug */,
				5AC094CB216E4DC70034A74E /* Release */,
			);
			defaultConfigurationIsVisible = 0;
			defaultConfigurationName = Release;
		};
		5AC094CC216E4DC70034A74E /* Build configuration list for PBXNativeTarget "calculatorUITests" */ = {
			isa = XCConfigurationList;
			buildConfigurations = (
				5AC094CD216E4DC70034A74E /* Debug */,
				5AC094CE216E4DC70034A74E /* Release */,
			);
			defaultConfigurationIsVisible = 0;
			defaultConfigurationName = Release;
		};
/* End XCConfigurationList section */
	};
	rootObject = 5AC09496216E4DC60034A74E /* Project object */;
}
